{
  "name": "codecrafters-bittorrent-javascript",
  "version": "1.0.0",
  "lockfileVersion": 2,
  "requires": true,
  "packages": {
    "": {
      "name": "codecrafters-bittorrent-javascript",
      "version": "1.0.0",
      "license": "ISC",
      "dependencies": {
        "bencode-js": "^0.0.8",
        "bencodejs": "^1.0.0"
      }
    },
    "node_modules/bencode-js": {
      "version": "0.0.8",
      "resolved": "https://registry.npmjs.org/bencode-js/-/bencode-js-0.0.8.tgz",
      "integrity": "sha512-D1wYF4KCNuO6H2vS2/tSJxqWtO4gsTrPSr95G/4v5VjrjS3rwBhkqVs3lJOisv9PXFdlWmxVNWCCfyU414z6pQ=="
    },
    "node_modules/bencodejs": {
      "version": "1.0.0",
      "resolved": "https://registry.npmjs.org/bencodejs/-/bencodejs-1.0.0.tgz",
      "integrity": "sha512-rdU2pWQybJIUW3/xkDDYQ1e3ejviNJJj2HsuW7i+9AA0fxsI9qLd8WM9z7J5B1i4RWo8cDoYJjLQu7ynZPxk5g=="
    }
  },
  "dependencies": {
    "bencode-js": {
      "version": "0.0.8",
      "resolved": "https://registry.npmjs.org/bencode-js/-/bencode-js-0.0.8.tgz",
      "integrity": "sha512-D1wYF4KCNuO6H2vS2/tSJxqWtO4gsTrPSr95G/4v5VjrjS3rwBhkqVs3lJOisv9PXFdlWmxVNWCCfyU414z6pQ=="
    },
    "bencodejs": {
      "version": "1.0.0",
      "resolved": "https://registry.npmjs.org/bencodejs/-/bencodejs-1.0.0.tgz",
      "integrity": "sha512-rdU2pWQybJIUW3/xkDDYQ1e3ejviNJJj2HsuW7i+9AA0fxsI9qLd8WM9z7J5B1i4RWo8cDoYJjLQu7ynZPxk5g=="
    }
  }
}
